
Microsoft Visual Studio Solution File, Format Version 12.00
# Visual Studio 2012
Project("{FAE04EC0-301F-11D3-BF4B-00C04F79EFBC}") = "BLL", "BLL\BLL.csproj", "{BCD0FB29-DFB4-4D68-8F2B-962513B4E024}"
EndProject
Project("{FAE04EC0-301F-11D3-BF4B-00C04F79EFBC}") = "DAL", "DAL\DAL.csproj", "{E0946995-2D15-4610-8DCD-B2E13F7DEA8A}"
EndProject
Project("{FAE04EC0-301F-11D3-BF4B-00C04F79EFBC}") = "WSLibrary", "WSLibrary\WSLibrary.csproj", "{53BDDFA2-0518-412E-89EF-B870613FBBF3}"
EndProject
Project("{FAE04EC0-301F-11D3-BF4B-00C04F79EFBC}") = "Libraries", "Libraries\Libraries.csproj", "{E96E4590-755C-4575-AE87-F631553CD02B}"
EndProject
Project("{E24C65DC-7377-472B-9ABA-BC803B73C61A}") = "ERPAdvantage", "ERPAdvantage\", "{538D507A-84B8-4171-BD16-6AEF0FA574AB}"
	ProjectSection(WebsiteProperties) = preProject
		TargetFrameworkMoniker = ".NETFramework,Version%3Dv4.5"
		Debug.AspNetCompiler.VirtualPath = "/ERPAdvantage"
		Debug.AspNetCompiler.PhysicalPath = "ERPAdvantage\"
		Debug.AspNetCompiler.TargetPath = "PrecompiledWeb\ERPAdvantage\"
		Debug.AspNetCompiler.Updateable = "true"
		Debug.AspNetCompiler.ForceOverwrite = "true"
		Debug.AspNetCompiler.FixedNames = "false"
		Debug.AspNetCompiler.Debug = "True"
		Release.AspNetCompiler.VirtualPath = "/ERPAdvantage"
		Release.AspNetCompiler.PhysicalPath = "ERPAdvantage\"
		Release.AspNetCompiler.TargetPath = "PrecompiledWeb\ERPAdvantage\"
		Release.AspNetCompiler.Updateable = "true"
		Release.AspNetCompiler.ForceOverwrite = "true"
		Release.AspNetCompiler.FixedNames = "false"
		Release.AspNetCompiler.Debug = "False"
		VWDPort = "1061"
	EndProjectSection
EndProject
Global
	GlobalSection(SolutionConfigurationPlatforms) = preSolution
		Debug|Any CPU = Debug|Any CPU
		Release|Any CPU = Release|Any CPU
	EndGlobalSection
	GlobalSection(ProjectConfigurationPlatforms) = postSolution
		{BCD0FB29-DFB4-4D68-8F2B-962513B4E024}.Debug|Any CPU.ActiveCfg = Debug|Any CPU
		{BCD0FB29-DFB4-4D68-8F2B-962513B4E024}.Debug|Any CPU.Build.0 = Debug|Any CPU
		{BCD0FB29-DFB4-4D68-8F2B-962513B4E024}.Release|Any CPU.ActiveCfg = Release|Any CPU
		{BCD0FB29-DFB4-4D68-8F2B-962513B4E024}.Release|Any CPU.Build.0 = Release|Any CPU
		{E0946995-2D15-4610-8DCD-B2E13F7DEA8A}.Debug|Any CPU.ActiveCfg = Debug|Any CPU
		{E0946995-2D15-4610-8DCD-B2E13F7DEA8A}.Debug|Any CPU.Build.0 = Debug|Any CPU
		{E0946995-2D15-4610-8DCD-B2E13F7DEA8A}.Release|Any CPU.ActiveCfg = Release|Any CPU
		{E0946995-2D15-4610-8DCD-B2E13F7DEA8A}.Release|Any CPU.Build.0 = Release|Any CPU
		{53BDDFA2-0518-412E-89EF-B870613FBBF3}.Debug|Any CPU.ActiveCfg = Debug|Any CPU
		{53BDDFA2-0518-412E-89EF-B870613FBBF3}.Debug|Any CPU.Build.0 = Debug|Any CPU
		{53BDDFA2-0518-412E-89EF-B870613FBBF3}.Release|Any CPU.ActiveCfg = Release|Any CPU
		{53BDDFA2-0518-412E-89EF-B870613FBBF3}.Release|Any CPU.Build.0 = Release|Any CPU
		{E96E4590-755C-4575-AE87-F631553CD02B}.Debug|Any CPU.ActiveCfg = Debug|Any CPU
		{E96E4590-755C-4575-AE87-F631553CD02B}.Debug|Any CPU.Build.0 = Debug|Any CPU
		{E96E4590-755C-4575-AE87-F631553CD02B}.Release|Any CPU.ActiveCfg = Release|Any CPU
		{E96E4590-755C-4575-AE87-F631553CD02B}.Release|Any CPU.Build.0 = Release|Any CPU
		{538D507A-84B8-4171-BD16-6AEF0FA574AB}.Debug|Any CPU.ActiveCfg = Debug|Any CPU
		{538D507A-84B8-4171-BD16-6AEF0FA574AB}.Debug|Any CPU.Build.0 = Debug|Any CPU
		{538D507A-84B8-4171-BD16-6AEF0FA574AB}.Release|Any CPU.ActiveCfg = Debug|Any CPU
		{538D507A-84B8-4171-BD16-6AEF0FA574AB}.Release|Any CPU.Build.0 = Debug|Any CPU
	EndGlobalSection
	GlobalSection(SolutionProperties) = preSolution
		HideSolutionNode = FALSE
	EndGlobalSection
EndGlobal
